{
  "version": 4,
  "terraform_version": "1.0.6",
  "serial": 1,
  "lineage": "16af51b4-bb23-5b53-e2be-91eb6c806786",
  "outputs": {},
  "resources": [
    {
      "mode": "managed",
      "type": "google_container_cluster",
      "name": "cluster",
      "provider": "provider[\"registry.terraform.io/hashicorp/google\"]",
      "instances": [
        {
          "schema_version": 1,
          "attributes": {
            "addons_config": [
              {
                "cloudrun_config": [],
                "horizontal_pod_autoscaling": [],
                "http_load_balancing": [],
                "network_policy_config": [
                  {
                    "disabled": true
                  }
                ]
              }
            ],
            "authenticator_groups_config": [],
            "cluster_autoscaling": [
              {
                "auto_provisioning_defaults": [],
                "enabled": false,
                "resource_limits": []
              }
            ],
            "cluster_ipv4_cidr": "10.0.0.0/14",
            "database_encryption": [
              {
                "key_name": "",
                "state": "DECRYPTED"
              }
            ],
            "datapath_provider": "",
            "default_max_pods_per_node": null,
            "default_snat_status": [
              {
                "disabled": false
              }
            ],
            "description": "Carless",
            "enable_autopilot": false,
            "enable_binary_authorization": false,
            "enable_intranode_visibility": false,
            "enable_kubernetes_alpha": false,
            "enable_legacy_abac": false,
            "enable_shielded_nodes": false,
            "enable_tpu": false,
            "endpoint": "35.202.215.66",
            "id": "projects/lbgretailpocs/locations/us-central1-a/clusters/cardless-gke-cluster-test",
            "initial_node_count": 1,
            "instance_group_urls": [
              "https://www.googleapis.com/compute/v1/projects/lbgretailpocs/zones/us-central1-a/instanceGroups/gke-cardless-gke-cluster-default-pool-02dd5645-grp"
            ],
            "ip_allocation_policy": [],
            "label_fingerprint": "a9dc16a7",
            "location": "us-central1-a",
            "logging_config": [
              {
                "enable_components": []
              }
            ],
            "logging_service": "none",
            "maintenance_policy": [],
            "master_auth": [
              {
                "client_certificate": "",
                "client_certificate_config": [
                  {
                    "issue_client_certificate": false
                  }
                ],
                "client_key": "",
                "cluster_ca_certificate": "LS0tLS1CRUdJTiBDRVJUSUZJQ0FURS0tLS0tCk1JSUVMVENDQXBXZ0F3SUJBZ0lSQUxRblVRQkdDSDdNY01BT0dIeTJYU0l3RFFZSktvWklodmNOQVFFTEJRQXcKTHpFdE1Dc0dBMVVFQXhNa09UbGlOak5oTWpVdE5USmtaaTAwT0RkaUxXSTFNVGt0WkRSbE16TTVZalU1TmpGbApNQ0FYRFRJeE1UQXdOakV3TkRZek9Wb1lEekl3TlRFd09USTVNVEUwTmpNNVdqQXZNUzB3S3dZRFZRUURFeVE1Ck9XSTJNMkV5TlMwMU1tUm1MVFE0TjJJdFlqVXhPUzFrTkdVek16bGlOVGsyTVdVd2dnR2lNQTBHQ1NxR1NJYjMKRFFFQkFRVUFBNElCandBd2dnR0tBb0lCZ1FDeHRUWWJNSXJucE9nNG0zU3I1akwyeHd3dGJXYXRYbDQxcUlUTgpyaWxCSHZwWmNQUlovVS9yRWlMcmp2Rk9zVGU2OHEvY1ZORDdhVEVKOTRxcFNHL3FhNWJaMXZ0QklkRXV1ejE5CjNRd0dySWJnb2lxSFJWVHFMVWtHT1krMUdEakZvMkR3eWNpTDBpYjNQNGVUajY3UlZnamxiQlhyNUh6eUN5MmsKSEtjODZzNURXNEpFa1JrRVk5cFgydUNZaTRxYlRHbEpIWFF0VmU1MzlEODFLUkRXdHBQMlFTWlJWd2pCVjQyMAp2VFBBbkNIcFpISWM5aW5zMUxpR1ZyUEFKSGxYR3pMa3dsMlJ5U2IzRmZ1K2plTHFIalREYjZGN1NpS0xyTGpDCkpJQ3JUWFVHaFhRWjlFaHRCWllMNFZRNDZ0TGhaT3NRdVU4SHZMMVQ5Zy8zTjVMUWozeFVqWkxiSEZka09PWUUKc0ExcXFsN1JsWkE2YWlFQk52TmIvbERXekZrcmhUVFA1clpsbHl0V1FmUzYyR1lIS0hKRWc1SzJTL2lRNmpqMwo2VTFWMFJCMm5jaWtaa2QvSFl3dmFzZE9nWjlCc0lVV2VSU0FsSXIxUmtvbzZTampmR3NvbVZWeDF5ckFjSndFCkJ1Y0FzZ1orcXc1bjVJMUQ2U0pLdXFMMDQ0VUNBd0VBQWFOQ01FQXdEZ1lEVlIwUEFRSC9CQVFEQWdJRU1BOEcKQTFVZEV3RUIvd1FGTUFNQkFmOHdIUVlEVlIwT0JCWUVGTHdORHBvODRlaGVTZ3d2bE5XOStONk9RZkZQTUEwRwpDU3FHU0liM0RRRUJDd1VBQTRJQmdRQVk0ckhsTmhsR2dtUmdZYkROSDMxRzgrUmZDdkNIK2VLeERpb3gwdThnCjZzQVpjMWhtY0ovOXJWYVRBaElZNTVuNGR0bkE5ZmI4RmlIQUVwNzdOdkhQTno2RjZBNTNaUzNtdENCVFdHTU0KN1F5WGdMRnQ1eHYrR1l6MDZSbU9TZU1oUy84MTJCNHUwUnZCSWRFUGpFQUpYck9IMUhlR1owbHRhWmpDNk5Cdgp6ZVkrZVpxTUpsTHkzL0kvUFJ3UmlucW90UFdnVktDQ3Jnd29uZU4xUW9ZQ0tjZ0duQXdSM09SUXd2aEdvUE1lCjkyUDlDUkVhcGZHamppaW40RXh6V0NZdHhMUUpIZnB6YysxQkRpT1FabExTdWRSelVZQVJDVXVlSmdoZUZJaDEKYk9vaWw2K1ZQU0NpYzk4Y0x4T1FnN29XODRzeC9UZTBmWkVORTQyMmJkeEdtSzhaWHJYNGh3eGQ4azNSVHlSagpPNDZDL2txTXI0Z0l2bHZOS0RuMnVIcHJXdmZYNXZpcVNGTVVIQlJVSjVBQ1NjQmp2NktGK0o0ajZwMWh1bDBOCjRTT2pSUE0rRjVzZ1ZtRDU3a0RacXlHaCtiNmhZTHdyeldUem9HUEUyR3B3b0hHQ20zN2ZvcS9YcHlNdU10emkKTVpMZi8yYnFtYXVGRUtYSFpEbVQ2QUU9Ci0tLS0tRU5EIENFUlRJRklDQVRFLS0tLS0K",
                "password": "",
                "username": ""
              }
            ],
            "master_authorized_networks_config": [],
            "master_version": "1.20.9-gke.1001",
            "min_master_version": null,
            "monitoring_config": [
              {
                "enable_components": []
              }
            ],
            "monitoring_service": "none",
            "name": "cardless-gke-cluster-test",
            "network": "projects/lbgretailpocs/global/networks/default",
            "network_policy": [
              {
                "enabled": false,
                "provider": "PROVIDER_UNSPECIFIED"
              }
            ],
            "networking_mode": "ROUTES",
            "node_config": [
              {
                "disk_size_gb": 100,
                "disk_type": "pd-standard",
                "guest_accelerator": [],
                "image_type": "COS_CONTAINERD",
                "labels": {},
                "local_ssd_count": 0,
                "machine_type": "custom-10-30720",
                "metadata": {
                  "disable-legacy-endpoints": "true"
                },
                "min_cpu_platform": "",
                "oauth_scopes": [
                  "https://www.googleapis.com/auth/monitoring.write"
                ],
                "preemptible": true,
                "service_account": "default",
                "shielded_instance_config": [
                  {
                    "enable_integrity_monitoring": true,
                    "enable_secure_boot": false
                  }
                ],
                "tags": null,
                "taint": [],
                "workload_metadata_config": []
              }
            ],
            "node_locations": [],
            "node_pool": [
              {
                "autoscaling": [],
                "initial_node_count": 1,
                "instance_group_urls": [
                  "https://www.googleapis.com/compute/v1/projects/lbgretailpocs/zones/us-central1-a/instanceGroupManagers/gke-cardless-gke-cluster-default-pool-02dd5645-grp"
                ],
                "management": [
                  {
                    "auto_repair": true,
                    "auto_upgrade": true
                  }
                ],
                "max_pods_per_node": 0,
                "name": "default-pool",
                "name_prefix": "",
                "node_config": [
                  {
                    "disk_size_gb": 100,
                    "disk_type": "pd-standard",
                    "guest_accelerator": [],
                    "image_type": "COS_CONTAINERD",
                    "labels": {},
                    "local_ssd_count": 0,
                    "machine_type": "custom-10-30720",
                    "metadata": {
                      "disable-legacy-endpoints": "true"
                    },
                    "min_cpu_platform": "",
                    "oauth_scopes": [
                      "https://www.googleapis.com/auth/monitoring.write"
                    ],
                    "preemptible": true,
                    "service_account": "default",
                    "shielded_instance_config": [
                      {
                        "enable_integrity_monitoring": true,
                        "enable_secure_boot": false
                      }
                    ],
                    "tags": [],
                    "taint": [],
                    "workload_metadata_config": []
                  }
                ],
                "node_count": 1,
                "node_locations": [
                  "us-central1-a"
                ],
                "upgrade_settings": [
                  {
                    "max_surge": 1,
                    "max_unavailable": 0
                  }
                ],
                "version": "1.20.9-gke.1001"
              }
            ],
            "node_version": "1.20.9-gke.1001",
            "operation": null,
            "pod_security_policy_config": [],
            "private_cluster_config": [],
            "private_ipv6_google_access": "",
            "project": "lbgretailpocs",
            "release_channel": [
              {
                "channel": "REGULAR"
              }
            ],
            "remove_default_node_pool": null,
            "resource_labels": null,
            "resource_usage_export_config": [],
            "self_link": "https://container.googleapis.com/v1beta1/projects/lbgretailpocs/zones/us-central1-a/clusters/cardless-gke-cluster-test",
            "services_ipv4_cidr": "10.3.240.0/20",
            "subnetwork": "projects/lbgretailpocs/regions/us-central1/subnetworks/default",
            "timeouts": {
              "create": "180m",
              "delete": "180m",
              "read": null,
              "update": "180m"
            },
            "tpu_ipv4_cidr_block": "",
            "vertical_pod_autoscaling": [],
            "workload_identity_config": []
          },
          "sensitive_attributes": [],
          "private": "eyJlMmJmYjczMC1lY2FhLTExZTYtOGY4OC0zNDM2M2JjN2M0YzAiOnsiY3JlYXRlIjoxMDgwMDAwMDAwMDAwMCwiZGVsZXRlIjoxMDgwMDAwMDAwMDAwMCwicmVhZCI6MjQwMDAwMDAwMDAwMCwidXBkYXRlIjoxMDgwMDAwMDAwMDAwMH0sInNjaGVtYV92ZXJzaW9uIjoiMSJ9"
        }
      ]
    }
  ]
}
